// !$*UTF8*$!
{
	archiveVersion = 1;
	classes = {
	};
	objectVersion = 77;
	objects = {

/* Begin PBXBuildFile section */
		4E227A3FD5BB8B293A5BE92A /* GatewayConfig.swift in Sources */ = {isa = PBXBuildFile; fileRef = 223CB8AD50DB447B8699C377 /* GatewayConfig.swift */; };
		716C2F5D96FF284D86846FD1 /* KeychainStore.swift in Sources */ = {isa = PBXBuildFile; fileRef = 35E9D7360230BB1B702DF4B2 /* KeychainStore.swift */; };
		FE030A7C92D927B5C841BCAF /* GatewayError.swift in Sources */ = {isa = PBXBuildFile; fileRef = 205763DFA65AA4E6DA6A668A /* GatewayError.swift */; };
		F8A9B82BFCD9A45938FFCE5E /* GatewayAuth.swift in Sources */ = {isa = PBXBuildFile; fileRef = 95C5743FF9742EBE8D8AB3EC /* GatewayAuth.swift */; };
		61F5F54C7380F82B80722554 /* GatewayTransport.swift in Sources */ = {isa = PBXBuildFile; fileRef = 2F98C2CD13427F48DA33A4CF /* GatewayTransport.swift */; };
		A95EF62205991ECA32E7574E /* GatewayChatPayload.swift in Sources */ = {isa = PBXBuildFile; fileRef = 41CB6371ED359C5411AFE32F /* GatewayChatPayload.swift */; };
		01FC6E1E6535780D4993053C /* FeedbackService.swift in Sources */ = {isa = PBXBuildFile; fileRef = DBEBE8C0184DA2CDF29CADAD /* FeedbackService.swift */; };
		5F5F211080F1E2213A50C929 /* BarcodeProductService.swift in Sources */ = {isa = PBXBuildFile; fileRef = A3694B86BDFD5D6F886FBCEB /* BarcodeProductService.swift */; };
		748D70BDC4208F158B6260BD /* BarcodeProduct.swift in Sources */ = {isa = PBXBuildFile; fileRef = 505C6156E8E4407885A990AB /* BarcodeProduct.swift */; };
		27DAF6A37BEE4CC58CEF3E6B /* FoodCameraView.swift in Sources */ = {isa = PBXBuildFile; fileRef = 5789D9B726C54541BAC17502 /* FoodCameraView.swift */; };
		63788247D8524E7F8E0037FF /* FoodVisionModels.swift in Sources */ = {isa = PBXBuildFile; fileRef = B4C9FE3743A0443E8282E381 /* FoodVisionModels.swift */; };
		333F468222CE40C8834EF7BA /* FoodVisionService.swift in Sources */ = {isa = PBXBuildFile; fileRef = 12B32B22C5E34D62B51EB9A9 /* FoodVisionService.swift */; };
		92B0C941ED834A5692CFC10C /* TokenMeter.swift in Sources */ = {isa = PBXBuildFile; fileRef = D3CB93F8918C421FA0CE4A02 /* TokenMeter.swift */; };
		A0C20702AC4A4452A60E64CD /* TokenUsageView.swift in Sources */ = {isa = PBXBuildFile; fileRef = 265C535A505340CE90CCE1E6 /* TokenUsageView.swift */; };
		56F21CE53DED44839022521D /* FoodAnalyzingView.swift in Sources */ = {isa = PBXBuildFile; fileRef = 33FE4C74A57547C7AAC825EB /* FoodAnalyzingView.swift */; };
		D66072560AFB4D98B8DE65CD /* FoodReviewSheet.swift in Sources */ = {isa = PBXBuildFile; fileRef = 5778486A318D4C1FBF5744CA /* FoodReviewSheet.swift */; };
		9EDE76B8E9B94878ACEF1FD7 /* FoodScanView.swift in Sources */ = {isa = PBXBuildFile; fileRef = 5C7B11EAE4F3466CB62502A2 /* FoodScanView.swift */; };
		0280342002A6A3E49543D30C /* HealthMetric.swift in Sources */ = {isa = PBXBuildFile; fileRef = 7802CDFCE3540E5AA2ADE385 /* HealthMetric.swift */; };
		0990ECD147C4208E93D37F52 /* SettingsView.swift in Sources */ = {isa = PBXBuildFile; fileRef = D5FEE996D58F1544E857CBCC /* SettingsView.swift */; };
		0A990029E8D5EEA3296A41A7 /* PredictionsCard.swift in Sources */ = {isa = PBXBuildFile; fileRef = DF2EBA586C0847235F75EA7A /* PredictionsCard.swift */; };
		199156AF56ACDB780D8ED163 /* SnoreDetector.swift in Sources */ = {isa = PBXBuildFile; fileRef = 23B87896293CA2BF852C5431 /* SnoreDetector.swift */; };
		208FA99AD878CD2CEE68E3FE /* WidgetsCard.swift in Sources */ = {isa = PBXBuildFile; fileRef = 69C6558093625FAAB1EAF5BA /* WidgetsCard.swift */; };
		28BADF5BBDDD442FAEFD28B4 /* SleepSession.swift in Sources */ = {isa = PBXBuildFile; fileRef = 1505616C41F3C440E1D43136 /* SleepSession.swift */; };
		331CFD3386E7374F74EF939D /* EventKitManager.swift in Sources */ = {isa = PBXBuildFile; fileRef = E91ABDB6B97375D97C0A0737 /* EventKitManager.swift */; };
		36F0D1F6EAD330778049BF94 /* Prediction.swift in Sources */ = {isa = PBXBuildFile; fileRef = 23C03F731FAAB890648C5903 /* Prediction.swift */; };
		3CDD65378A8B7FA85C915593 /* SleepTrackingCard.swift in Sources */ = {isa = PBXBuildFile; fileRef = B0F0A1C7ED9E0B6394D28D1C /* SleepTrackingCard.swift */; };
		3EB13631D4308E39457BA136 /* NotificationManager.swift in Sources */ = {isa = PBXBuildFile; fileRef = 1E202C43D8779CC3093A43BB /* NotificationManager.swift */; };
		41AFF5110C3DACF67FC24CB6 /* WorkoutTrackerView.swift in Sources */ = {isa = PBXBuildFile; fileRef = E441A18FBA7EBD5380217B53 /* WorkoutTrackerView.swift */; };
		5064C04B8C96D4E65AA7D859 /* ContentView.swift in Sources */ = {isa = PBXBuildFile; fileRef = F49E7AA24285552E1C91AABC /* ContentView.swift */; };
		5C582A08D2FCB78046D286F6 /* ToolCards.swift in Sources */ = {isa = PBXBuildFile; fileRef = 2B1B9E033482FE3CAE477880 /* ToolCards.swift */; };
		5E23807187839EF2698319D4 /* DetailedMetricView.swift in Sources */ = {isa = PBXBuildFile; fileRef = 36413787B3C9A0A5FD2B70A0 /* DetailedMetricView.swift */; };
		6519F92073E48F654E1A7B50 /* SleepModeView.swift in Sources */ = {isa = PBXBuildFile; fileRef = 666169689CA9A0019CAE8D33 /* SleepModeView.swift */; };
		6A20781EC8C2DCC56555F68B /* CalendarView.swift in Sources */ = {isa = PBXBuildFile; fileRef = 6898FC4E5DC58AADAE0A1695 /* CalendarView.swift */; };
		6D32F86FCFBAA5925D742BAC /* ProfileSheets.swift in Sources */ = {isa = PBXBuildFile; fileRef = 733AFEC8ED013C52C784720A /* ProfileSheets.swift */; };
		704D080DEC9D67134E566301 /* GlassCard.swift in Sources */ = {isa = PBXBuildFile; fileRef = 7A2AB1DF4D22B9F2B7EF7A94 /* GlassCard.swift */; };
		75EF5D632F2F626229BD03AB /* OnboardingScreens.swift in Sources */ = {isa = PBXBuildFile; fileRef = A99ECC01887A8C57DE1EDE10 /* OnboardingScreens.swift */; };
		827D380A12DABF89105D4AC1 /* MetricCards.swift in Sources */ = {isa = PBXBuildFile; fileRef = C6F9E87D490739ABA95026E6 /* MetricCards.swift */; };
		86201681220DE987A08A0C47 /* OnboardingView.swift in Sources */ = {isa = PBXBuildFile; fileRef = 9A2DDA0CB9993AD165644D50 /* OnboardingView.swift */; };
		893579EC9B015067375F7C56 /* SleepFocusDetector.swift in Sources */ = {isa = PBXBuildFile; fileRef = 319DABB412048956117CACB6 /* SleepFocusDetector.swift */; };
		8E22A01ACC9AFCB8643EF1EA /* ThemeHelper.swift in Sources */ = {isa = PBXBuildFile; fileRef = 91787EB19962F3ED6997BD89 /* ThemeHelper.swift */; };
		8E451C6D3165EE50044FE843 /* EventKit.framework in Frameworks */ = {isa = PBXBuildFile; fileRef = 0D16F52FDB992EAAAC0702BB /* EventKit.framework */; };
		93113AC6D6114D34754A3A1A /* AppLoadingScreen.swift in Sources */ = {isa = PBXBuildFile; fileRef = CC69512B936CD5BF1517FD2F /* AppLoadingScreen.swift */; };
		950DA2CBDD02BE2DD2F04169 /* ChatPrefillBus.swift in Sources */ = {isa = PBXBuildFile; fileRef = D745D8F799D4850DB3CAE7C5 /* ChatPrefillBus.swift */; };
		9718D1889F9D77EE9BA2E5ED /* GlassLoaderOverlay.swift in Sources */ = {isa = PBXBuildFile; fileRef = 137344F9E4AB5492F9013B18 /* GlassLoaderOverlay.swift */; };
		98AE9B3051CAC1BA437785F1 /* LoginView.swift in Sources */ = {isa = PBXBuildFile; fileRef = 37B9F2A6FBAA854B66665F99 /* LoginView.swift */; };
		9C10C47A2EE50589BDB75D80 /* CameraImagePicker.swift in Sources */ = {isa = PBXBuildFile; fileRef = C11DACF9D1AC1F925BFE2C2E /* CameraImagePicker.swift */; };
		9C35DDF35B34A2F6CAEE90D8 /* HealthKitManager.swift in Sources */ = {isa = PBXBuildFile; fileRef = B3429B54E60CE226E2F0C189 /* HealthKitManager.swift */; };
		A24D1D0DB3BA96B1D9C40A83 /* EventKitUI.framework in Frameworks */ = {isa = PBXBuildFile; fileRef = E81420B3951364446EDBB7E6 /* EventKitUI.framework */; };
		A32F56B22D7438BA25781DBE /* ToolCall.swift in Sources */ = {isa = PBXBuildFile; fileRef = 4799B511C8C827F1E5E4E4E4 /* ToolCall.swift */; };
		A8D80F5EA98535D2EB1360FC /* GatewayChatClient.swift in Sources */ = {isa = PBXBuildFile; fileRef = B19FC95A1A7EA7BE548AFA73 /* GatewayChatClient.swift */; };
		AA2907935085B7290F6B4704 /* HealthTrendsView.swift in Sources */ = {isa = PBXBuildFile; fileRef = 0CBC0D6E65E96D0D286864CB /* HealthTrendsView.swift */; };
		ABDDB0099129BFD6E63A0D75 /* HealthKit.framework in Frameworks */ = {isa = PBXBuildFile; fileRef = 84597105D70BC3BF2A15021C /* HealthKit.framework */; };
		AC4DEEB43103050F890FDB0F /* StructuredMarkdownText.swift in Sources */ = {isa = PBXBuildFile; fileRef = 3EB33CCB0B7D84FBFD9F9CE5 /* StructuredMarkdownText.swift */; };
		B275EEA61572DA72837B417E /* ChatView.swift in Sources */ = {isa = PBXBuildFile; fileRef = C2E0798186938E6A78F8840C /* ChatView.swift */; };
		B697E129A7837EE832095AB7 /* SleepPatternAnalyzer.swift in Sources */ = {isa = PBXBuildFile; fileRef = 3F9F1B9C8F4709E79BB0ED1F /* SleepPatternAnalyzer.swift */; };
		B7BE27C04F41337BFB644B40 /* AnimatedButton.swift in Sources */ = {isa = PBXBuildFile; fileRef = F40EABE5D27FCF7823E1EE7F /* AnimatedButton.swift */; };
		BB6F0C0801CBAA5C0002DA12 /* PredictionEngine.swift in Sources */ = {isa = PBXBuildFile; fileRef = F4E5D68E655E0F4C37A7BA80 /* PredictionEngine.swift */; };
		C37B32FC71248D16429C4732 /* ChatMessage.swift in Sources */ = {isa = PBXBuildFile; fileRef = 48E26CE3BC0A02FCF8F0937F /* ChatMessage.swift */; };
		C5ECFB8EE4C42C60600FF516 /* SleepPattern.swift in Sources */ = {isa = PBXBuildFile; fileRef = 3FC705B8C2FD607017B6A4A4 /* SleepPattern.swift */; };
		C5F33BB9B466DDB2B38AAF69 /* ChatViewModel.swift in Sources */ = {isa = PBXBuildFile; fileRef = 19BC8564A5467E5553980EEB /* ChatViewModel.swift */; };
		C67E9A37BCF2A54D3F15B98F /* PredictionAIService.swift in Sources */ = {isa = PBXBuildFile; fileRef = 558F193F1364DC5C9969A9BB /* PredictionAIService.swift */; };
		C74790B0B116896A339C6481 /* FitnessApp.swift in Sources */ = {isa = PBXBuildFile; fileRef = A7192790992313FDD5201B37 /* FitnessApp.swift */; };
		CD00642959A96136A32D4BC6 /* SleepSessionManager.swift in Sources */ = {isa = PBXBuildFile; fileRef = EFBB15DA98B80962FCD2B709 /* SleepSessionManager.swift */; };
		D409C5292E21816408F5A05E /* AstraWidgetStore.swift in Sources */ = {isa = PBXBuildFile; fileRef = 1AEE45FE10590AEB3752ABEE /* AstraWidgetStore.swift */; };
		A0A222CF15649378701236D6 /* ChatHistoryStore.swift in Sources */ = {isa = PBXBuildFile; fileRef = A0DB543A5A7EAA7F0316CF86 /* ChatHistoryStore.swift */; };
		D5F8A82C3A3319A8E3784EC1 /* SleepReportView.swift in Sources */ = {isa = PBXBuildFile; fileRef = FAD5F639B713B5614E8DECAB /* SleepReportView.swift */; };
		D68FCD8F3B6A23E4F509613A /* Assets.xcassets in Resources */ = {isa = PBXBuildFile; fileRef = DB83BF408BFC9A75EE16A3DD /* Assets.xcassets */; };
		DFCD34BB305140F6B7CAC271 /* GoalsEditorSheet.swift in Sources */ = {isa = PBXBuildFile; fileRef = 343B33110901C768155D9C03 /* GoalsEditorSheet.swift */; };
		E12B100E893488D6A2DB69A3 /* AstraWidget.swift in Sources */ = {isa = PBXBuildFile; fileRef = 4C270D683DF4981F05B54550 /* AstraWidget.swift */; };
		E685F48593AD7C515AE44912 /* MetricChart.swift in Sources */ = {isa = PBXBuildFile; fileRef = 2E937C7D642AE8DA034D84C7 /* MetricChart.swift */; };
		EA04C9274C5489C4D0B0E292 /* PredictionWhySheet.swift in Sources */ = {isa = PBXBuildFile; fileRef = 2FB4DC6C67317EE9FE44008E /* PredictionWhySheet.swift */; };
		F5B959C9C3882C8E0DDD5474 /* DashboardView.swift in Sources */ = {isa = PBXBuildFile; fileRef = 40FEEDA56B628E11A1DF72E7 /* DashboardView.swift */; };
		FA41E7488FA3E4A72F3519C4 /* UserNotifications.framework in Frameworks */ = {isa = PBXBuildFile; fileRef = 2BD4EB1744F246031A0C99FB /* UserNotifications.framework */; };
		FBF4FB965ABF1708FB8D2849 /* RemindersView.swift in Sources */ = {isa = PBXBuildFile; fileRef = BD86BABB2BDF63D8BE40A78C /* RemindersView.swift */; };
		66F2C8CE3EF35C46E32FBD7A /* BreathingSessionManager.swift in Sources */ = {isa = PBXBuildFile; fileRef = 84D3F895AD9C666885F374CB /* BreathingSessionManager.swift */; };
		DCB1217E413AEB22FC86FA99 /* ChallengeEngine.swift in Sources */ = {isa = PBXBuildFile; fileRef = 0DEBF34B6937CB281E0836D2 /* ChallengeEngine.swift */; };
		99B2B36883441761E1558E5C /* HeartRateZoneCalculator.swift in Sources */ = {isa = PBXBuildFile; fileRef = ED398597BCFC0D6BAC90425A /* HeartRateZoneCalculator.swift */; };
		EADFDD3D16D1DDFB41F610F6 /* NutritionService.swift in Sources */ = {isa = PBXBuildFile; fileRef = 233A72203139E6ABFFA979C8 /* NutritionService.swift */; };
		2876A9D5002BB6A0F44FA587 /* StreakEngine.swift in Sources */ = {isa = PBXBuildFile; fileRef = F7C5B4F52732710025E79A15 /* StreakEngine.swift */; };
		64FCC7DCEBC08CE6FA6145EC /* TrainingLoadEngine.swift in Sources */ = {isa = PBXBuildFile; fileRef = 7A19260F32037834A5C4AB0D /* TrainingLoadEngine.swift */; };
		CDAF047B0F7599E555B6E57E /* DailyChallengeView.swift in Sources */ = {isa = PBXBuildFile; fileRef = 54AB0C90AE856E41BF5BB228 /* DailyChallengeView.swift */; };
		B3D2E33205DED3234B5A9653 /* GuidedBreathingView.swift in Sources */ = {isa = PBXBuildFile; fileRef = 58C51A067B9D35D625B0BEBF /* GuidedBreathingView.swift */; };
		B933F3DED3208B1AD5676DE6 /* HeartRateZonesView.swift in Sources */ = {isa = PBXBuildFile; fileRef = 29AF466959E804E53C0AD0C8 /* HeartRateZonesView.swift */; };
		7371CEE4B7936D5530595AEC /* NutritionDashboardView.swift in Sources */ = {isa = PBXBuildFile; fileRef = 3163517AD954620827BAEE18 /* NutritionDashboardView.swift */; };
		BA8E5187DC3814A7A7102C00 /* ProgressHubView.swift in Sources */ = {isa = PBXBuildFile; fileRef = BD0AD2D78B45E2055FFEC786 /* ProgressHubView.swift */; };
		CAD20776B61E997FAFCEA1C1 /* StreakView.swift in Sources */ = {isa = PBXBuildFile; fileRef = B54B2B666716848F36ED37CC /* StreakView.swift */; };
		4507FB949F266FB37F661B09 /* WorkoutAnalyticsView.swift in Sources */ = {isa = PBXBuildFile; fileRef = 5B948D63ADE9D91E7248261E /* WorkoutAnalyticsView.swift */; };
		1570E9462CF2FCB34DC89217 /* DailyChallengeCard.swift in Sources */ = {isa = PBXBuildFile; fileRef = CF1785ADF16F5158CDFC008C /* DailyChallengeCard.swift */; };
		574D8508D38E6EA65F34CCB6 /* StreakCard.swift in Sources */ = {isa = PBXBuildFile; fileRef = 296E6114F33AF0D457656B52 /* StreakCard.swift */; };
		/* End PBXBuildFile section */

/* Begin PBXFileReference section */
		223CB8AD50DB447B8699C377 /* GatewayConfig.swift */ = {isa = PBXFileReference; lastKnownFileType = sourcecode.swift; path = GatewayConfig.swift; sourceTree = "<group>"; };
		35E9D7360230BB1B702DF4B2 /* KeychainStore.swift */ = {isa = PBXFileReference; lastKnownFileType = sourcecode.swift; path = KeychainStore.swift; sourceTree = "<group>"; };
		205763DFA65AA4E6DA6A668A /* GatewayError.swift */ = {isa = PBXFileReference; lastKnownFileType = sourcecode.swift; path = GatewayError.swift; sourceTree = "<group>"; };
		95C5743FF9742EBE8D8AB3EC /* GatewayAuth.swift */ = {isa = PBXFileReference; lastKnownFileType = sourcecode.swift; path = GatewayAuth.swift; sourceTree = "<group>"; };
		2F98C2CD13427F48DA33A4CF /* GatewayTransport.swift */ = {isa = PBXFileReference; lastKnownFileType = sourcecode.swift; path = GatewayTransport.swift; sourceTree = "<group>"; };
		41CB6371ED359C5411AFE32F /* GatewayChatPayload.swift */ = {isa = PBXFileReference; lastKnownFileType = sourcecode.swift; path = GatewayChatPayload.swift; sourceTree = "<group>"; };
		DBEBE8C0184DA2CDF29CADAD /* FeedbackService.swift */ = {isa = PBXFileReference; lastKnownFileType = sourcecode.swift; path = FeedbackService.swift; sourceTree = "<group>"; };
		A3694B86BDFD5D6F886FBCEB /* BarcodeProductService.swift */ = {isa = PBXFileReference; lastKnownFileType = sourcecode.swift; path = BarcodeProductService.swift; sourceTree = "<group>"; };
		505C6156E8E4407885A990AB /* BarcodeProduct.swift */ = {isa = PBXFileReference; lastKnownFileType = sourcecode.swift; path = BarcodeProduct.swift; sourceTree = "<group>"; };
		5789D9B726C54541BAC17502 /* FoodCameraView.swift */ = {isa = PBXFileReference; lastKnownFileType = sourcecode.swift; path = FoodCameraView.swift; sourceTree = "<group>"; };
		B4C9FE3743A0443E8282E381 /* FoodVisionModels.swift */ = {isa = PBXFileReference; lastKnownFileType = sourcecode.swift; path = FoodVisionModels.swift; sourceTree = "<group>"; };
		12B32B22C5E34D62B51EB9A9 /* FoodVisionService.swift */ = {isa = PBXFileReference; lastKnownFileType = sourcecode.swift; path = FoodVisionService.swift; sourceTree = "<group>"; };
		D3CB93F8918C421FA0CE4A02 /* TokenMeter.swift */ = {isa = PBXFileReference; lastKnownFileType = sourcecode.swift; path = TokenMeter.swift; sourceTree = "<group>"; };
		265C535A505340CE90CCE1E6 /* TokenUsageView.swift */ = {isa = PBXFileReference; lastKnownFileType = sourcecode.swift; path = TokenUsageView.swift; sourceTree = "<group>"; };
		33FE4C74A57547C7AAC825EB /* FoodAnalyzingView.swift */ = {isa = PBXFileReference; lastKnownFileType = sourcecode.swift; path = FoodAnalyzingView.swift; sourceTree = "<group>"; };
		5778486A318D4C1FBF5744CA /* FoodReviewSheet.swift */ = {isa = PBXFileReference; lastKnownFileType = sourcecode.swift; path = FoodReviewSheet.swift; sourceTree = "<group>"; };
		5C7B11EAE4F3466CB62502A2 /* FoodScanView.swift */ = {isa = PBXFileReference; lastKnownFileType = sourcecode.swift; path = FoodScanView.swift; sourceTree = "<group>"; };
		0CBC0D6E65E96D0D286864CB /* HealthTrendsView.swift */ = {isa = PBXFileReference; lastKnownFileType = sourcecode.swift; path = HealthTrendsView.swift; sourceTree = "<group>"; };
		0D16F52FDB992EAAAC0702BB /* EventKit.framework */ = {isa = PBXFileReference; lastKnownFileType = wrapper.framework; name = EventKit.framework; path = System/Library/Frameworks/EventKit.framework; sourceTree = SDKROOT; };
		137344F9E4AB5492F9013B18 /* GlassLoaderOverlay.swift */ = {isa = PBXFileReference; lastKnownFileType = sourcecode.swift; path = GlassLoaderOverlay.swift; sourceTree = "<group>"; };
		1505616C41F3C440E1D43136 /* SleepSession.swift */ = {isa = PBXFileReference; lastKnownFileType = sourcecode.swift; path = SleepSession.swift; sourceTree = "<group>"; };
		17E1E2C6490F31EE347BF51F /* FitnessApp.app */ = {isa = PBXFileReference; includeInIndex = 0; lastKnownFileType = wrapper.application; path = FitnessApp.app; sourceTree = BUILT_PRODUCTS_DIR; };
		19BC8564A5467E5553980EEB /* ChatViewModel.swift */ = {isa = PBXFileReference; lastKnownFileType = sourcecode.swift; path = ChatViewModel.swift; sourceTree = "<group>"; };
		1AEE45FE10590AEB3752ABEE /* AstraWidgetStore.swift */ = {isa = PBXFileReference; lastKnownFileType = sourcecode.swift; path = AstraWidgetStore.swift; sourceTree = "<group>"; };
		A0DB543A5A7EAA7F0316CF86 /* ChatHistoryStore.swift */ = {isa = PBXFileReference; lastKnownFileType = sourcecode.swift; path = ChatHistoryStore.swift; sourceTree = "<group>"; };
		1E202C43D8779CC3093A43BB /* NotificationManager.swift */ = {isa = PBXFileReference; lastKnownFileType = sourcecode.swift; path = NotificationManager.swift; sourceTree = "<group>"; };
		23B87896293CA2BF852C5431 /* SnoreDetector.swift */ = {isa = PBXFileReference; lastKnownFileType = sourcecode.swift; path = SnoreDetector.swift; sourceTree = "<group>"; };
		23C03F731FAAB890648C5903 /* Prediction.swift */ = {isa = PBXFileReference; lastKnownFileType = sourcecode.swift; path = Prediction.swift; sourceTree = "<group>"; };
		2B1B9E033482FE3CAE477880 /* ToolCards.swift */ = {isa = PBXFileReference; lastKnownFileType = sourcecode.swift; path = ToolCards.swift; sourceTree = "<group>"; };
		2BD4EB1744F246031A0C99FB /* UserNotifications.framework */ = {isa = PBXFileReference; lastKnownFileType = wrapper.framework; name = UserNotifications.framework; path = System/Library/Frameworks/UserNotifications.framework; sourceTree = SDKROOT; };
		2E937C7D642AE8DA034D84C7 /* MetricChart.swift */ = {isa = PBXFileReference; lastKnownFileType = sourcecode.swift; path = MetricChart.swift; sourceTree = "<group>"; };
		2FB4DC6C67317EE9FE44008E /* PredictionWhySheet.swift */ = {isa = PBXFileReference; lastKnownFileType = sourcecode.swift; path = PredictionWhySheet.swift; sourceTree = "<group>"; };
		319DABB412048956117CACB6 /* SleepFocusDetector.swift */ = {isa = PBXFileReference; lastKnownFileType = sourcecode.swift; path = SleepFocusDetector.swift; sourceTree = "<group>"; };
		343B33110901C768155D9C03 /* GoalsEditorSheet.swift */ = {isa = PBXFileReference; lastKnownFileType = sourcecode.swift; path = GoalsEditorSheet.swift; sourceTree = "<group>"; };
		36413787B3C9A0A5FD2B70A0 /* DetailedMetricView.swift */ = {isa = PBXFileReference; lastKnownFileType = sourcecode.swift; path = DetailedMetricView.swift; sourceTree = "<group>"; };
		37B9F2A6FBAA854B66665F99 /* LoginView.swift */ = {isa = PBXFileReference; lastKnownFileType = sourcecode.swift; path = LoginView.swift; sourceTree = "<group>"; };
		3EB33CCB0B7D84FBFD9F9CE5 /* StructuredMarkdownText.swift */ = {isa = PBXFileReference; lastKnownFileType = sourcecode.swift; path = StructuredMarkdownText.swift; sourceTree = "<group>"; };
		3F9F1B9C8F4709E79BB0ED1F /* SleepPatternAnalyzer.swift */ = {isa = PBXFileReference; lastKnownFileType = sourcecode.swift; path = SleepPatternAnalyzer.swift; sourceTree = "<group>"; };
		3FC705B8C2FD607017B6A4A4 /* SleepPattern.swift */ = {isa = PBXFileReference; lastKnownFileType = sourcecode.swift; path = SleepPattern.swift; sourceTree = "<group>"; };
		40FEEDA56B628E11A1DF72E7 /* DashboardView.swift */ = {isa = PBXFileReference; lastKnownFileType = sourcecode.swift; path = DashboardView.swift; sourceTree = "<group>"; };
		4799B511C8C827F1E5E4E4E4 /* ToolCall.swift */ = {isa = PBXFileReference; lastKnownFileType = sourcecode.swift; path = ToolCall.swift; sourceTree = "<group>"; };
		48E26CE3BC0A02FCF8F0937F /* ChatMessage.swift */ = {isa = PBXFileReference; lastKnownFileType = sourcecode.swift; path = ChatMessage.swift; sourceTree = "<group>"; };
		4C270D683DF4981F05B54550 /* AstraWidget.swift */ = {isa = PBXFileReference; lastKnownFileType = sourcecode.swift; path = AstraWidget.swift; sourceTree = "<group>"; };
		558F193F1364DC5C9969A9BB /* PredictionAIService.swift */ = {isa = PBXFileReference; lastKnownFileType = sourcecode.swift; path = PredictionAIService.swift; sourceTree = "<group>"; };
		666169689CA9A0019CAE8D33 /* SleepModeView.swift */ = {isa = PBXFileReference; lastKnownFileType = sourcecode.swift; path = SleepModeView.swift; sourceTree = "<group>"; };
		6898FC4E5DC58AADAE0A1695 /* CalendarView.swift */ = {isa = PBXFileReference; lastKnownFileType = sourcecode.swift; path = CalendarView.swift; sourceTree = "<group>"; };
		69C6558093625FAAB1EAF5BA /* WidgetsCard.swift */ = {isa = PBXFileReference; lastKnownFileType = sourcecode.swift; path = WidgetsCard.swift; sourceTree = "<group>"; };
		733AFEC8ED013C52C784720A /* ProfileSheets.swift */ = {isa = PBXFileReference; lastKnownFileType = sourcecode.swift; path = ProfileSheets.swift; sourceTree = "<group>"; };
		7802CDFCE3540E5AA2ADE385 /* HealthMetric.swift */ = {isa = PBXFileReference; lastKnownFileType = sourcecode.swift; path = HealthMetric.swift; sourceTree = "<group>"; };
		7A2AB1DF4D22B9F2B7EF7A94 /* GlassCard.swift */ = {isa = PBXFileReference; lastKnownFileType = sourcecode.swift; path = GlassCard.swift; sourceTree = "<group>"; };
		84597105D70BC3BF2A15021C /* HealthKit.framework */ = {isa = PBXFileReference; lastKnownFileType = wrapper.framework; name = HealthKit.framework; path = System/Library/Frameworks/HealthKit.framework; sourceTree = SDKROOT; };
		91787EB19962F3ED6997BD89 /* ThemeHelper.swift */ = {isa = PBXFileReference; lastKnownFileType = sourcecode.swift; path = ThemeHelper.swift; sourceTree = "<group>"; };
		9A2DDA0CB9993AD165644D50 /* OnboardingView.swift */ = {isa = PBXFileReference; lastKnownFileType = sourcecode.swift; path = OnboardingView.swift; sourceTree = "<group>"; };
		A7192790992313FDD5201B37 /* FitnessApp.swift */ = {isa = PBXFileReference; lastKnownFileType = sourcecode.swift; path = FitnessApp.swift; sourceTree = "<group>"; };
		A99ECC01887A8C57DE1EDE10 /* OnboardingScreens.swift */ = {isa = PBXFileReference; lastKnownFileType = sourcecode.swift; path = OnboardingScreens.swift; sourceTree = "<group>"; };
		B0F0A1C7ED9E0B6394D28D1C /* SleepTrackingCard.swift */ = {isa = PBXFileReference; lastKnownFileType = sourcecode.swift; path = SleepTrackingCard.swift; sourceTree = "<group>"; };
		B19FC95A1A7EA7BE548AFA73 /* GatewayChatClient.swift */ = {isa = PBXFileReference; lastKnownFileType = sourcecode.swift; path = GatewayChatClient.swift; sourceTree = "<group>"; };
		B3429B54E60CE226E2F0C189 /* HealthKitManager.swift */ = {isa = PBXFileReference; lastKnownFileType = sourcecode.swift; path = HealthKitManager.swift; sourceTree = "<group>"; };
		BD86BABB2BDF63D8BE40A78C /* RemindersView.swift */ = {isa = PBXFileReference; lastKnownFileType = sourcecode.swift; path = RemindersView.swift; sourceTree = "<group>"; };
		C11DACF9D1AC1F925BFE2C2E /* CameraImagePicker.swift */ = {isa = PBXFileReference; lastKnownFileType = sourcecode.swift; path = CameraImagePicker.swift; sourceTree = "<group>"; };
		C2E0798186938E6A78F8840C /* ChatView.swift */ = {isa = PBXFileReference; lastKnownFileType = sourcecode.swift; path = ChatView.swift; sourceTree = "<group>"; };
		C6F9E87D490739ABA95026E6 /* MetricCards.swift */ = {isa = PBXFileReference; lastKnownFileType = sourcecode.swift; path = MetricCards.swift; sourceTree = "<group>"; };
		CC69512B936CD5BF1517FD2F /* AppLoadingScreen.swift */ = {isa = PBXFileReference; lastKnownFileType = sourcecode.swift; path = AppLoadingScreen.swift; sourceTree = "<group>"; };
		D5FEE996D58F1544E857CBCC /* SettingsView.swift */ = {isa = PBXFileReference; lastKnownFileType = sourcecode.swift; path = SettingsView.swift; sourceTree = "<group>"; };
		D745D8F799D4850DB3CAE7C5 /* ChatPrefillBus.swift */ = {isa = PBXFileReference; lastKnownFileType = sourcecode.swift; path = ChatPrefillBus.swift; sourceTree = "<group>"; };
		DB83BF408BFC9A75EE16A3DD /* Assets.xcassets */ = {isa = PBXFileReference; lastKnownFileType = folder.assetcatalog; path = Assets.xcassets; sourceTree = "<group>"; };
		DF2EBA586C0847235F75EA7A /* PredictionsCard.swift */ = {isa = PBXFileReference; lastKnownFileType = sourcecode.swift; path = PredictionsCard.swift; sourceTree = "<group>"; };
		E441A18FBA7EBD5380217B53 /* WorkoutTrackerView.swift */ = {isa = PBXFileReference; lastKnownFileType = sourcecode.swift; path = WorkoutTrackerView.swift; sourceTree = "<group>"; };
		E81420B3951364446EDBB7E6 /* EventKitUI.framework */ = {isa = PBXFileReference; lastKnownFileType = wrapper.framework; name = EventKitUI.framework; path = System/Library/Frameworks/EventKitUI.framework; sourceTree = SDKROOT; };
		E91ABDB6B97375D97C0A0737 /* EventKitManager.swift */ = {isa = PBXFileReference; lastKnownFileType = sourcecode.swift; path = EventKitManager.swift; sourceTree = "<group>"; };
		EFBB15DA98B80962FCD2B709 /* SleepSessionManager.swift */ = {isa = PBXFileReference; lastKnownFileType = sourcecode.swift; path = SleepSessionManager.swift; sourceTree = "<group>"; };
		F40EABE5D27FCF7823E1EE7F /* AnimatedButton.swift */ = {isa = PBXFileReference; lastKnownFileType = sourcecode.swift; path = AnimatedButton.swift; sourceTree = "<group>"; };
		F49E7AA24285552E1C91AABC /* ContentView.swift */ = {isa = PBXFileReference; lastKnownFileType = sourcecode.swift; path = ContentView.swift; sourceTree = "<group>"; };
		F4E5D68E655E0F4C37A7BA80 /* PredictionEngine.swift */ = {isa = PBXFileReference; lastKnownFileType = sourcecode.swift; path = PredictionEngine.swift; sourceTree = "<group>"; };
		FAD5F639B713B5614E8DECAB /* SleepReportView.swift */ = {isa = PBXFileReference; lastKnownFileType = sourcecode.swift; path = SleepReportView.swift; sourceTree = "<group>"; };
		84D3F895AD9C666885F374CB /* BreathingSessionManager.swift */ = {isa = PBXFileReference; lastKnownFileType = sourcecode.swift; path = BreathingSessionManager.swift; sourceTree = "<group>"; };
		0DEBF34B6937CB281E0836D2 /* ChallengeEngine.swift */ = {isa = PBXFileReference; lastKnownFileType = sourcecode.swift; path = ChallengeEngine.swift; sourceTree = "<group>"; };
		ED398597BCFC0D6BAC90425A /* HeartRateZoneCalculator.swift */ = {isa = PBXFileReference; lastKnownFileType = sourcecode.swift; path = HeartRateZoneCalculator.swift; sourceTree = "<group>"; };
		233A72203139E6ABFFA979C8 /* NutritionService.swift */ = {isa = PBXFileReference; lastKnownFileType = sourcecode.swift; path = NutritionService.swift; sourceTree = "<group>"; };
		F7C5B4F52732710025E79A15 /* StreakEngine.swift */ = {isa = PBXFileReference; lastKnownFileType = sourcecode.swift; path = StreakEngine.swift; sourceTree = "<group>"; };
		7A19260F32037834A5C4AB0D /* TrainingLoadEngine.swift */ = {isa = PBXFileReference; lastKnownFileType = sourcecode.swift; path = TrainingLoadEngine.swift; sourceTree = "<group>"; };
		54AB0C90AE856E41BF5BB228 /* DailyChallengeView.swift */ = {isa = PBXFileReference; lastKnownFileType = sourcecode.swift; path = DailyChallengeView.swift; sourceTree = "<group>"; };
		58C51A067B9D35D625B0BEBF /* GuidedBreathingView.swift */ = {isa = PBXFileReference; lastKnownFileType = sourcecode.swift; path = GuidedBreathingView.swift; sourceTree = "<group>"; };
		29AF466959E804E53C0AD0C8 /* HeartRateZonesView.swift */ = {isa = PBXFileReference; lastKnownFileType = sourcecode.swift; path = HeartRateZonesView.swift; sourceTree = "<group>"; };
		3163517AD954620827BAEE18 /* NutritionDashboardView.swift */ = {isa = PBXFileReference; lastKnownFileType = sourcecode.swift; path = NutritionDashboardView.swift; sourceTree = "<group>"; };
		BD0AD2D78B45E2055FFEC786 /* ProgressHubView.swift */ = {isa = PBXFileReference; lastKnownFileType = sourcecode.swift; path = ProgressHubView.swift; sourceTree = "<group>"; };
		B54B2B666716848F36ED37CC /* StreakView.swift */ = {isa = PBXFileReference; lastKnownFileType = sourcecode.swift; path = StreakView.swift; sourceTree = "<group>"; };
		5B948D63ADE9D91E7248261E /* WorkoutAnalyticsView.swift */ = {isa = PBXFileReference; lastKnownFileType = sourcecode.swift; path = WorkoutAnalyticsView.swift; sourceTree = "<group>"; };
		CF1785ADF16F5158CDFC008C /* DailyChallengeCard.swift */ = {isa = PBXFileReference; lastKnownFileType = sourcecode.swift; path = DailyChallengeCard.swift; sourceTree = "<group>"; };
		296E6114F33AF0D457656B52 /* StreakCard.swift */ = {isa = PBXFileReference; lastKnownFileType = sourcecode.swift; path = StreakCard.swift; sourceTree = "<group>"; };
		/* End PBXFileReference section */

/* Begin PBXFrameworksBuildPhase section */
		5E6CBACB277C370CC00B1ED2 /* Frameworks */ = {
			isa = PBXFrameworksBuildPhase;
			buildActionMask = 2147483647;
			files = (
				ABDDB0099129BFD6E63A0D75 /* HealthKit.framework in Frameworks */,
				8E451C6D3165EE50044FE843 /* EventKit.framework in Frameworks */,
				A24D1D0DB3BA96B1D9C40A83 /* EventKitUI.framework in Frameworks */,
				FA41E7488FA3E4A72F3519C4 /* UserNotifications.framework in Frameworks */,
			);
			runOnlyForDeploymentPostprocessing = 0;
		};
/* End PBXFrameworksBuildPhase section */

/* Begin PBXGroup section */
		47D967E1761653141702A76F /* ViewModels */ = {
			isa = PBXGroup;
			children = (
				D745D8F799D4850DB3CAE7C5 /* ChatPrefillBus.swift */,
				19BC8564A5467E5553980EEB /* ChatViewModel.swift */,
			);
			path = ViewModels;
			sourceTree = "<group>";
		};
		490024E70D95093AB1951E48 /* Views */ = {
			isa = PBXGroup;
			children = (
				E53C39FB45CB4DBB9A5B2B8B /* FoodScan */,
				265C535A505340CE90CCE1E6 /* TokenUsageView.swift */,
				5B948D63ADE9D91E7248261E /* WorkoutAnalyticsView.swift */,
				B54B2B666716848F36ED37CC /* StreakView.swift */,
				BD0AD2D78B45E2055FFEC786 /* ProgressHubView.swift */,
				3163517AD954620827BAEE18 /* NutritionDashboardView.swift */,
				29AF466959E804E53C0AD0C8 /* HeartRateZonesView.swift */,
				58C51A067B9D35D625B0BEBF /* GuidedBreathingView.swift */,
				54AB0C90AE856E41BF5BB228 /* DailyChallengeView.swift */,
				6898FC4E5DC58AADAE0A1695 /* CalendarView.swift */,
				C2E0798186938E6A78F8840C /* ChatView.swift */,
				40FEEDA56B628E11A1DF72E7 /* DashboardView.swift */,
				36413787B3C9A0A5FD2B70A0 /* DetailedMetricView.swift */,
				0CBC0D6E65E96D0D286864CB /* HealthTrendsView.swift */,
				37B9F2A6FBAA854B66665F99 /* LoginView.swift */,
				BD86BABB2BDF63D8BE40A78C /* RemindersView.swift */,
				D5FEE996D58F1544E857CBCC /* SettingsView.swift */,
				666169689CA9A0019CAE8D33 /* SleepModeView.swift */,
				FAD5F639B713B5614E8DECAB /* SleepReportView.swift */,
				E441A18FBA7EBD5380217B53 /* WorkoutTrackerView.swift */,
				63276806301D09016BEA0BED /* Components */,
				8A99EEA92948AE3D64A88C06 /* Onboarding */,
			);
			path = Views;
			sourceTree = "<group>";
		};
		63276806301D09016BEA0BED /* Components */ = {
			isa = PBXGroup;
			children = (
				296E6114F33AF0D457656B52 /* StreakCard.swift */,
				CF1785ADF16F5158CDFC008C /* DailyChallengeCard.swift */,
				F40EABE5D27FCF7823E1EE7F /* AnimatedButton.swift */,
				CC69512B936CD5BF1517FD2F /* AppLoadingScreen.swift */,
				C11DACF9D1AC1F925BFE2C2E /* CameraImagePicker.swift */,
				7A2AB1DF4D22B9F2B7EF7A94 /* GlassCard.swift */,
				137344F9E4AB5492F9013B18 /* GlassLoaderOverlay.swift */,
				343B33110901C768155D9C03 /* GoalsEditorSheet.swift */,
				C6F9E87D490739ABA95026E6 /* MetricCards.swift */,
				2E937C7D642AE8DA034D84C7 /* MetricChart.swift */,
				DF2EBA586C0847235F75EA7A /* PredictionsCard.swift */,
				2FB4DC6C67317EE9FE44008E /* PredictionWhySheet.swift */,
				733AFEC8ED013C52C784720A /* ProfileSheets.swift */,
				B0F0A1C7ED9E0B6394D28D1C /* SleepTrackingCard.swift */,
				3EB33CCB0B7D84FBFD9F9CE5 /* StructuredMarkdownText.swift */,
				2B1B9E033482FE3CAE477880 /* ToolCards.swift */,
				69C6558093625FAAB1EAF5BA /* WidgetsCard.swift */,
			);
			path = Components;
			sourceTree = "<group>";
		};
		7A0624A72FC1D3B78F736B44 /* FitnessApp */ = {
			isa = PBXGroup;
			children = (
				DB83BF408BFC9A75EE16A3DD /* Assets.xcassets */,
				F49E7AA24285552E1C91AABC /* ContentView.swift */,
				A7192790992313FDD5201B37 /* FitnessApp.swift */,
				B3429B54E60CE226E2F0C189 /* HealthKitManager.swift */,
				B3C6C47C211B441287027A4E /* Models */,
				8FFC23862DFFC84371A26B18 /* Services */,
				47D967E1761653141702A76F /* ViewModels */,
				490024E70D95093AB1951E48 /* Views */,
			);
			name = FitnessApp;
			path = FitnessApp.swiftpm/FitnessApp;
			sourceTree = "<group>";
		};
		8A99EEA92948AE3D64A88C06 /* Onboarding */ = {
			isa = PBXGroup;
			children = (
				A99ECC01887A8C57DE1EDE10 /* OnboardingScreens.swift */,
				9A2DDA0CB9993AD165644D50 /* OnboardingView.swift */,
			);
			path = Onboarding;
			sourceTree = "<group>";
		};
		8B244A6616A39F805DD9FD39 = {
			isa = PBXGroup;
			children = (
				7A0624A72FC1D3B78F736B44 /* FitnessApp */,
				C5A953184894A21DA4DEF381 /* Frameworks */,
				DAAEF3F1BC29998174902CD8 /* Products */,
			);
			sourceTree = "<group>";
		};
		8FFC23862DFFC84371A26B18 /* Services */ = {
			isa = PBXGroup;
			children = (
				88F2B11F2717B911D21C1096 /* Gateway */,
				A3694B86BDFD5D6F886FBCEB /* BarcodeProductService.swift */,
				12B32B22C5E34D62B51EB9A9 /* FoodVisionService.swift */,
				D3CB93F8918C421FA0CE4A02 /* TokenMeter.swift */,
				7A19260F32037834A5C4AB0D /* TrainingLoadEngine.swift */,
				F7C5B4F52732710025E79A15 /* StreakEngine.swift */,
				233A72203139E6ABFFA979C8 /* NutritionService.swift */,
				ED398597BCFC0D6BAC90425A /* HeartRateZoneCalculator.swift */,
				0DEBF34B6937CB281E0836D2 /* ChallengeEngine.swift */,
				84D3F895AD9C666885F374CB /* BreathingSessionManager.swift */,
				1AEE45FE10590AEB3752ABEE /* AstraWidgetStore.swift */,
				A0DB543A5A7EAA7F0316CF86 /* ChatHistoryStore.swift */,
				E91ABDB6B97375D97C0A0737 /* EventKitManager.swift */,
				1E202C43D8779CC3093A43BB /* NotificationManager.swift */,
				558F193F1364DC5C9969A9BB /* PredictionAIService.swift */,
				F4E5D68E655E0F4C37A7BA80 /* PredictionEngine.swift */,
				319DABB412048956117CACB6 /* SleepFocusDetector.swift */,
				3F9F1B9C8F4709E79BB0ED1F /* SleepPatternAnalyzer.swift */,
				EFBB15DA98B80962FCD2B709 /* SleepSessionManager.swift */,
				23B87896293CA2BF852C5431 /* SnoreDetector.swift */,
				B19FC95A1A7EA7BE548AFA73 /* GatewayChatClient.swift */,
			);
			path = Services;
			sourceTree = "<group>";
		};
		B3C6C47C211B441287027A4E /* Models */ = {
			isa = PBXGroup;
			children = (
				505C6156E8E4407885A990AB /* BarcodeProduct.swift */,
				B4C9FE3743A0443E8282E381 /* FoodVisionModels.swift */,
				4C270D683DF4981F05B54550 /* AstraWidget.swift */,
				48E26CE3BC0A02FCF8F0937F /* ChatMessage.swift */,
				7802CDFCE3540E5AA2ADE385 /* HealthMetric.swift */,
				23C03F731FAAB890648C5903 /* Prediction.swift */,
				3FC705B8C2FD607017B6A4A4 /* SleepPattern.swift */,
				1505616C41F3C440E1D43136 /* SleepSession.swift */,
				91787EB19962F3ED6997BD89 /* ThemeHelper.swift */,
				4799B511C8C827F1E5E4E4E4 /* ToolCall.swift */,
			);
			path = Models;
			sourceTree = "<group>";
		};
		C5A953184894A21DA4DEF381 /* Frameworks */ = {
			isa = PBXGroup;
			children = (
				0D16F52FDB992EAAAC0702BB /* EventKit.framework */,
				E81420B3951364446EDBB7E6 /* EventKitUI.framework */,
				84597105D70BC3BF2A15021C /* HealthKit.framework */,
				2BD4EB1744F246031A0C99FB /* UserNotifications.framework */,
			);
			name = Frameworks;
			sourceTree = "<group>";
		};
		DAAEF3F1BC29998174902CD8 /* Products */ = {
			isa = PBXGroup;
			children = (
				17E1E2C6490F31EE347BF51F /* FitnessApp.app */,
			);
			name = Products;
			sourceTree = "<group>";
		};
		E53C39FB45CB4DBB9A5B2B8B /* FoodScan */ = {
			isa = PBXGroup;
			children = (
				5789D9B726C54541BAC17502 /* FoodCameraView.swift */,
				33FE4C74A57547C7AAC825EB /* FoodAnalyzingView.swift */,
				5778486A318D4C1FBF5744CA /* FoodReviewSheet.swift */,
				5C7B11EAE4F3466CB62502A2 /* FoodScanView.swift */,
			);
			path = FoodScan;
			sourceTree = "<group>";
		};
		88F2B11F2717B911D21C1096 /* Gateway */ = {
			isa = PBXGroup;
			children = (
				223CB8AD50DB447B8699C377 /* GatewayConfig.swift */,
				35E9D7360230BB1B702DF4B2 /* KeychainStore.swift */,
				205763DFA65AA4E6DA6A668A /* GatewayError.swift */,
				95C5743FF9742EBE8D8AB3EC /* GatewayAuth.swift */,
				2F98C2CD13427F48DA33A4CF /* GatewayTransport.swift */,
				41CB6371ED359C5411AFE32F /* GatewayChatPayload.swift */,
				DBEBE8C0184DA2CDF29CADAD /* FeedbackService.swift */,
			);
			path = Gateway;
			sourceTree = "<group>";
		};
/* End PBXGroup section */

/* Begin PBXNativeTarget section */
		FE69BCF7CC847DB50ABAF203 /* FitnessApp */ = {
			isa = PBXNativeTarget;
			buildConfigurationList = A6C0FB58A13985AC78DD940F /* Build configuration list for PBXNativeTarget "FitnessApp" */;
			buildPhases = (
				D12520A21395F1CB239C40C5 /* Sources */,
				3C604A3F01F9481E5470616F /* Resources */,
				5E6CBACB277C370CC00B1ED2 /* Frameworks */,
			);
			buildRules = (
			);
			dependencies = (
			);
			name = FitnessApp;
			packageProductDependencies = (
			);
			productName = FitnessApp;
			productReference = 17E1E2C6490F31EE347BF51F /* FitnessApp.app */;
			productType = "com.apple.product-type.application";
		};
/* End PBXNativeTarget section */

/* Begin PBXProject section */
		D68BB5C60B9AF34F69B4BC6E /* Project object */ = {
			isa = PBXProject;
			attributes = {
				BuildIndependentTargetsInParallel = YES;
				LastUpgradeCheck = 1430;
				TargetAttributes = {
					FE69BCF7CC847DB50ABAF203 = {
						DevelopmentTeam = RM42FV53FU;
						ProvisioningStyle = Automatic;
					};
				};
			};
			buildConfigurationList = 171263C53BFCBB0EFEB62ED1 /* Build configuration list for PBXProject "FitnessApp" */;
			developmentRegion = en;
			hasScannedForEncodings = 0;
			knownRegions = (
				Base,
				en,
			);
			mainGroup = 8B244A6616A39F805DD9FD39;
			minimizedProjectReferenceProxies = 1;
			preferredProjectObjectVersion = 77;
			productRefGroup = DAAEF3F1BC29998174902CD8 /* Products */;
			projectDirPath = "";
			projectRoot = "";
			targets = (
				FE69BCF7CC847DB50ABAF203 /* FitnessApp */,
			);
		};
/* End PBXProject section */

/* Begin PBXResourcesBuildPhase section */
		3C604A3F01F9481E5470616F /* Resources */ = {
			isa = PBXResourcesBuildPhase;
			buildActionMask = 2147483647;
			files = (
				D68FCD8F3B6A23E4F509613A /* Assets.xcassets in Resources */,
			);
			runOnlyForDeploymentPostprocessing = 0;
		};
/* End PBXResourcesBuildPhase section */

/* Begin PBXSourcesBuildPhase section */
		D12520A21395F1CB239C40C5 /* Sources */ = {
			isa = PBXSourcesBuildPhase;
			buildActionMask = 2147483647;
			files = (
				4E227A3FD5BB8B293A5BE92A /* GatewayConfig.swift in Sources */,
				716C2F5D96FF284D86846FD1 /* KeychainStore.swift in Sources */,
				FE030A7C92D927B5C841BCAF /* GatewayError.swift in Sources */,
				F8A9B82BFCD9A45938FFCE5E /* GatewayAuth.swift in Sources */,
				61F5F54C7380F82B80722554 /* GatewayTransport.swift in Sources */,
				A95EF62205991ECA32E7574E /* GatewayChatPayload.swift in Sources */,
				01FC6E1E6535780D4993053C /* FeedbackService.swift in Sources */,
				5F5F211080F1E2213A50C929 /* BarcodeProductService.swift in Sources */,
				748D70BDC4208F158B6260BD /* BarcodeProduct.swift in Sources */,
				27DAF6A37BEE4CC58CEF3E6B /* FoodCameraView.swift in Sources */,
				63788247D8524E7F8E0037FF /* FoodVisionModels.swift in Sources */,
				333F468222CE40C8834EF7BA /* FoodVisionService.swift in Sources */,
				92B0C941ED834A5692CFC10C /* TokenMeter.swift in Sources */,
				A0C20702AC4A4452A60E64CD /* TokenUsageView.swift in Sources */,
				56F21CE53DED44839022521D /* FoodAnalyzingView.swift in Sources */,
				D66072560AFB4D98B8DE65CD /* FoodReviewSheet.swift in Sources */,
				9EDE76B8E9B94878ACEF1FD7 /* FoodScanView.swift in Sources */,
				66F2C8CE3EF35C46E32FBD7A /* BreathingSessionManager.swift in Sources */,
				DCB1217E413AEB22FC86FA99 /* ChallengeEngine.swift in Sources */,
				99B2B36883441761E1558E5C /* HeartRateZoneCalculator.swift in Sources */,
				EADFDD3D16D1DDFB41F610F6 /* NutritionService.swift in Sources */,
				2876A9D5002BB6A0F44FA587 /* StreakEngine.swift in Sources */,
				64FCC7DCEBC08CE6FA6145EC /* TrainingLoadEngine.swift in Sources */,
				CDAF047B0F7599E555B6E57E /* DailyChallengeView.swift in Sources */,
				B3D2E33205DED3234B5A9653 /* GuidedBreathingView.swift in Sources */,
				B933F3DED3208B1AD5676DE6 /* HeartRateZonesView.swift in Sources */,
				7371CEE4B7936D5530595AEC /* NutritionDashboardView.swift in Sources */,
				BA8E5187DC3814A7A7102C00 /* ProgressHubView.swift in Sources */,
				CAD20776B61E997FAFCEA1C1 /* StreakView.swift in Sources */,
				4507FB949F266FB37F661B09 /* WorkoutAnalyticsView.swift in Sources */,
				1570E9462CF2FCB34DC89217 /* DailyChallengeCard.swift in Sources */,
				574D8508D38E6EA65F34CCB6 /* StreakCard.swift in Sources */,
				B7BE27C04F41337BFB644B40 /* AnimatedButton.swift in Sources */,
				93113AC6D6114D34754A3A1A /* AppLoadingScreen.swift in Sources */,
				E12B100E893488D6A2DB69A3 /* AstraWidget.swift in Sources */,
				D409C5292E21816408F5A05E /* AstraWidgetStore.swift in Sources */,
				A0A222CF15649378701236D6 /* ChatHistoryStore.swift in Sources */,
				6A20781EC8C2DCC56555F68B /* CalendarView.swift in Sources */,
				9C10C47A2EE50589BDB75D80 /* CameraImagePicker.swift in Sources */,
				C37B32FC71248D16429C4732 /* ChatMessage.swift in Sources */,
				950DA2CBDD02BE2DD2F04169 /* ChatPrefillBus.swift in Sources */,
				B275EEA61572DA72837B417E /* ChatView.swift in Sources */,
				C5F33BB9B466DDB2B38AAF69 /* ChatViewModel.swift in Sources */,
				5064C04B8C96D4E65AA7D859 /* ContentView.swift in Sources */,
				F5B959C9C3882C8E0DDD5474 /* DashboardView.swift in Sources */,
				5E23807187839EF2698319D4 /* DetailedMetricView.swift in Sources */,
				331CFD3386E7374F74EF939D /* EventKitManager.swift in Sources */,
				C74790B0B116896A339C6481 /* FitnessApp.swift in Sources */,
				704D080DEC9D67134E566301 /* GlassCard.swift in Sources */,
				9718D1889F9D77EE9BA2E5ED /* GlassLoaderOverlay.swift in Sources */,
				DFCD34BB305140F6B7CAC271 /* GoalsEditorSheet.swift in Sources */,
				9C35DDF35B34A2F6CAEE90D8 /* HealthKitManager.swift in Sources */,
				0280342002A6A3E49543D30C /* HealthMetric.swift in Sources */,
				AA2907935085B7290F6B4704 /* HealthTrendsView.swift in Sources */,
				98AE9B3051CAC1BA437785F1 /* LoginView.swift in Sources */,
				827D380A12DABF89105D4AC1 /* MetricCards.swift in Sources */,
				E685F48593AD7C515AE44912 /* MetricChart.swift in Sources */,
				3EB13631D4308E39457BA136 /* NotificationManager.swift in Sources */,
				75EF5D632F2F626229BD03AB /* OnboardingScreens.swift in Sources */,
				86201681220DE987A08A0C47 /* OnboardingView.swift in Sources */,
				36F0D1F6EAD330778049BF94 /* Prediction.swift in Sources */,
				C67E9A37BCF2A54D3F15B98F /* PredictionAIService.swift in Sources */,
				BB6F0C0801CBAA5C0002DA12 /* PredictionEngine.swift in Sources */,
				EA04C9274C5489C4D0B0E292 /* PredictionWhySheet.swift in Sources */,
				0A990029E8D5EEA3296A41A7 /* PredictionsCard.swift in Sources */,
				6D32F86FCFBAA5925D742BAC /* ProfileSheets.swift in Sources */,
				FBF4FB965ABF1708FB8D2849 /* RemindersView.swift in Sources */,
				0990ECD147C4208E93D37F52 /* SettingsView.swift in Sources */,
				893579EC9B015067375F7C56 /* SleepFocusDetector.swift in Sources */,
				6519F92073E48F654E1A7B50 /* SleepModeView.swift in Sources */,
				C5ECFB8EE4C42C60600FF516 /* SleepPattern.swift in Sources */,
				B697E129A7837EE832095AB7 /* SleepPatternAnalyzer.swift in Sources */,
				D5F8A82C3A3319A8E3784EC1 /* SleepReportView.swift in Sources */,
				28BADF5BBDDD442FAEFD28B4 /* SleepSession.swift in Sources */,
				CD00642959A96136A32D4BC6 /* SleepSessionManager.swift in Sources */,
				3CDD65378A8B7FA85C915593 /* SleepTrackingCard.swift in Sources */,
				199156AF56ACDB780D8ED163 /* SnoreDetector.swift in Sources */,
				AC4DEEB43103050F890FDB0F /* StructuredMarkdownText.swift in Sources */,
				8E22A01ACC9AFCB8643EF1EA /* ThemeHelper.swift in Sources */,
				A32F56B22D7438BA25781DBE /* ToolCall.swift in Sources */,
				5C582A08D2FCB78046D286F6 /* ToolCards.swift in Sources */,
				A8D80F5EA98535D2EB1360FC /* GatewayChatClient.swift in Sources */,
				208FA99AD878CD2CEE68E3FE /* WidgetsCard.swift in Sources */,
				41AFF5110C3DACF67FC24CB6 /* WorkoutTrackerView.swift in Sources */,
			);
			runOnlyForDeploymentPostprocessing = 0;
		};
/* End PBXSourcesBuildPhase section */

/* Begin XCBuildConfiguration section */
		030B9FFD446B7C9E5FEC2AB7 /* Release */ = {
			isa = XCBuildConfiguration;
			buildSettings = {
				ASSETCATALOG_COMPILER_APPICON_NAME = AppIcon;
				CODE_SIGN_ENTITLEMENTS = FitnessApp.swiftpm/FitnessApp.entitlements;
				CODE_SIGN_STYLE = Automatic;
				DEVELOPMENT_TEAM = RM42FV53FU;
				INFOPLIST_FILE = FitnessApp.swiftpm/AppInfo.plist;
				INFOPLIST_KEY_UILaunchScreen_Generation = YES;
				IPHONEOS_DEPLOYMENT_TARGET = 26.0;
				PRODUCT_BUNDLE_IDENTIFIER = com.tushar.fitnessapp;
				PRODUCT_NAME = FitnessApp;
				SWIFT_VERSION = 5.0;
			};
			name = Release;
		};
		19FB2C7224F1E15AD1AD50A5 /* Debug */ = {
			isa = XCBuildConfiguration;
			buildSettings = {
				ASSETCATALOG_COMPILER_APPICON_NAME = AppIcon;
				CODE_SIGN_ENTITLEMENTS = FitnessApp.swiftpm/FitnessApp.entitlements;
				CODE_SIGN_STYLE = Automatic;
				DEVELOPMENT_TEAM = RM42FV53FU;
				INFOPLIST_FILE = FitnessApp.swiftpm/AppInfo.plist;
				INFOPLIST_KEY_UILaunchScreen_Generation = YES;
				IPHONEOS_DEPLOYMENT_TARGET = 26.0;
				PRODUCT_BUNDLE_IDENTIFIER = com.tushar.fitnessapp;
				PRODUCT_NAME = FitnessApp;
				SWIFT_ACTIVE_COMPILATION_CONDITIONS = DEBUG;
				SWIFT_VERSION = 5.0;
			};
			name = Debug;
		};
		4E47923EFD9028B1D251DE30 /* Debug */ = {
			isa = XCBuildConfiguration;
			buildSettings = {
				SDKROOT = iphoneos;
			};
			name = Debug;
		};
		E1B24E2A2C8644023BA967E7 /* Release */ = {
			isa = XCBuildConfiguration;
			buildSettings = {
				SDKROOT = iphoneos;
			};
			name = Release;
		};
/* End XCBuildConfiguration section */

/* Begin XCConfigurationList section */
		171263C53BFCBB0EFEB62ED1 /* Build configuration list for PBXProject "FitnessApp" */ = {
			isa = XCConfigurationList;
			buildConfigurations = (
				4E47923EFD9028B1D251DE30 /* Debug */,
				E1B24E2A2C8644023BA967E7 /* Release */,
			);
			defaultConfigurationIsVisible = 0;
			defaultConfigurationName = Debug;
		};
		A6C0FB58A13985AC78DD940F /* Build configuration list for PBXNativeTarget "FitnessApp" */ = {
			isa = XCConfigurationList;
			buildConfigurations = (
				19FB2C7224F1E15AD1AD50A5 /* Debug */,
				030B9FFD446B7C9E5FEC2AB7 /* Release */,
			);
			defaultConfigurationIsVisible = 0;
			defaultConfigurationName = Debug;
		};
/* End XCConfigurationList section */
	};
	rootObject = D68BB5C60B9AF34F69B4BC6E /* Project object */;
}
